
Microsoft Visual Studio Solution File, Format Version 12.00
# Visual Studio Version 16
VisualStudioVersion = 16.0.31005.135
MinimumVisualStudioVersion = 10.0.40219.1
Project("{FAE04EC0-301F-11D3-BF4B-00C04F79EFBC}") = "joc_de_preguntes", "joc_de_preguntes\joc_de_preguntes.csproj", "{5C9ED7BB-F09C-406F-B668-5914C351A4A8}"
EndProject
Global
	GlobalSection(SolutionConfigurationPlatforms) = preSolution
		Debug|Any CPU = Debug|Any CPU
		Release|Any CPU = Release|Any CPU
	EndGlobalSection
	GlobalSection(ProjectConfigurationPlatforms) = postSolution
		{5C9ED7BB-F09C-406F-B668-5914C351A4A8}.Debug|Any CPU.ActiveCfg = Debug|Any CPU
		{5C9ED7BB-F09C-406F-B668-5914C351A4A8}.Debug|Any CPU.Build.0 = Debug|Any CPU
		{5C9ED7BB-F09C-406F-B668-5914C351A4A8}.Release|Any CPU.ActiveCfg = Release|Any CPU
		{5C9ED7BB-F09C-406F-B668-5914C351A4A8}.Release|Any CPU.Build.0 = Release|Any CPU
	EndGlobalSection
	GlobalSection(SolutionProperties) = preSolution
		HideSolutionNode = FALSE
	EndGlobalSection
	GlobalSection(ExtensibilityGlobals) = postSolution
		SolutionGuid = {BAD983D0-0728-47AF-BFD5-00204A214DAA}
	EndGlobalSection
EndGlobal
